// !$*UTF8*$!
{
	archiveVersion = 1;
	classes = {
	};
	objectVersion = 56;
	objects = {

/* Begin PBXBuildFile section */
		312CD2442A46A9F10088BD01 /* SwiftUI_iOS17_Map_ExampleApp.swift in Sources */ = {isa = PBXBuildFile; fileRef = 312CD2432A46A9F10088BD01 /* SwiftUI_iOS17_Map_ExampleApp.swift */; };
		312CD2462A46A9F10088BD01 /* ContentView.swift in Sources */ = {isa = PBXBuildFile; fileRef = 312CD2452A46A9F10088BD01 /* ContentView.swift */; };
		312CD2482A46A9F20088BD01 /* Assets.xcassets in Resources */ = {isa = PBXBuildFile; fileRef = 312CD2472A46A9F20088BD01 /* Assets.xcassets */; };
		312CD24B2A46A9F20088BD01 /* Preview Assets.xcassets in Resources */ = {isa = PBXBuildFile; fileRef = 312CD24A2A46A9F20088BD01 /* Preview Assets.xcassets */; };
		312CD2532A46AA1B0088BD01 /* SimpeMapView.swift in Sources */ = {isa = PBXBuildFile; fileRef = 312CD2522A46AA1B0088BD01 /* SimpeMapView.swift */; };
		312CD2562A46B2B60088BD01 /* CLLocationCoordinate2D+Extended.swift in Sources */ = {isa = PBXBuildFile; fileRef = 312CD2552A46B2B60088BD01 /* CLLocationCoordinate2D+Extended.swift */; };
		312CD2582A46B3C00088BD01 /* MapTypeView.swift in Sources */ = {isa = PBXBuildFile; fileRef = 312CD2572A46B3C00088BD01 /* MapTypeView.swift */; };
		312CD25A2A46CF2F0088BD01 /* MapLocationSearchView.swift in Sources */ = {isa = PBXBuildFile; fileRef = 312CD2592A46CF2F0088BD01 /* MapLocationSearchView.swift */; };
		312CD25D2A46CF730088BD01 /* enums.swift in Sources */ = {isa = PBXBuildFile; fileRef = 312CD25C2A46CF730088BD01 /* enums.swift */; };
		316228B82A47F55200C81CF1 /* MapRouteView.swift in Sources */ = {isa = PBXBuildFile; fileRef = 316228B72A47F55200C81CF1 /* MapRouteView.swift */; };
		31C755982B085C590029A9D8 /* SimpeMapTypeView.swift in Sources */ = {isa = PBXBuildFile; fileRef = 31C755972B085C590029A9D8 /* SimpeMapTypeView.swift */; };
		31C7559A2B085EC90029A9D8 /* MapCameraBoundsView.swift in Sources */ = {isa = PBXBuildFile; fileRef = 31C755992B085EC90029A9D8 /* MapCameraBoundsView.swift */; };
		31C7559C2B0866F80029A9D8 /* MapTypeExampleView.swift in Sources */ = {isa = PBXBuildFile; fileRef = 31C7559B2B0866F80029A9D8 /* MapTypeExampleView.swift */; };
		31C7559E2B08683C0029A9D8 /* MapCameraPositionView.swift in Sources */ = {isa = PBXBuildFile; fileRef = 31C7559D2B08683C0029A9D8 /* MapCameraPositionView.swift */; };
		31C755A02B08697E0029A9D8 /* MapAddAnnotationView.swift in Sources */ = {isa = PBXBuildFile; fileRef = 31C7559F2B08697E0029A9D8 /* MapAddAnnotationView.swift */; };
		31C755A22B087B150029A9D8 /* MapMarkerView.swift in Sources */ = {isa = PBXBuildFile; fileRef = 31C755A12B087B150029A9D8 /* MapMarkerView.swift */; };
		31C755A62B08813E0029A9D8 /* MapPolylineView.swift in Sources */ = {isa = PBXBuildFile; fileRef = 31C755A52B08813E0029A9D8 /* MapPolylineView.swift */; };
		31C755A82B0882020029A9D8 /* MapOverlayView.swift in Sources */ = {isa = PBXBuildFile; fileRef = 31C755A72B0882020029A9D8 /* MapOverlayView.swift */; };
		31F4D0452A47229C00851F88 /* MapLookAroundView.swift in Sources */ = {isa = PBXBuildFile; fileRef = 31F4D0442A47229C00851F88 /* MapLookAroundView.swift */; };
/* End PBXBuildFile section */

/* Begin PBXFileReference section */
		312CD2402A46A9F10088BD01 /* SwiftUI_iOS17_Map_Example.app */ = {isa = PBXFileReference; explicitFileType = wrapper.application; includeInIndex = 0; path = SwiftUI_iOS17_Map_Example.app; sourceTree = BUILT_PRODUCTS_DIR; };
		312CD2432A46A9F10088BD01 /* SwiftUI_iOS17_Map_ExampleApp.swift */ = {isa = PBXFileReference; lastKnownFileType = sourcecode.swift; path = SwiftUI_iOS17_Map_ExampleApp.swift; sourceTree = "<group>"; };
		312CD2452A46A9F10088BD01 /* ContentView.swift */ = {isa = PBXFileReference; lastKnownFileType = sourcecode.swift; path = ContentView.swift; sourceTree = "<group>"; };
		312CD2472A46A9F20088BD01 /* Assets.xcassets */ = {isa = PBXFileReference; lastKnownFileType = folder.assetcatalog; path = Assets.xcassets; sourceTree = "<group>"; };
		312CD24A2A46A9F20088BD01 /* Preview Assets.xcassets */ = {isa = PBXFileReference; lastKnownFileType = folder.assetcatalog; path = "Preview Assets.xcassets"; sourceTree = "<group>"; };
		312CD2522A46AA1B0088BD01 /* SimpeMapView.swift */ = {isa = PBXFileReference; lastKnownFileType = sourcecode.swift; path = SimpeMapView.swift; sourceTree = "<group>"; };
		312CD2552A46B2B60088BD01 /* CLLocationCoordinate2D+Extended.swift */ = {isa = PBXFileReference; lastKnownFileType = sourcecode.swift; path = "CLLocationCoordinate2D+Extended.swift"; sourceTree = "<group>"; };
		312CD2572A46B3C00088BD01 /* MapTypeView.swift */ = {isa = PBXFileReference; lastKnownFileType = sourcecode.swift; path = MapTypeView.swift; sourceTree = "<group>"; };
		312CD2592A46CF2F0088BD01 /* MapLocationSearchView.swift */ = {isa = PBXFileReference; lastKnownFileType = sourcecode.swift; path = MapLocationSearchView.swift; sourceTree = "<group>"; };
		312CD25C2A46CF730088BD01 /* enums.swift */ = {isa = PBXFileReference; lastKnownFileType = sourcecode.swift; path = enums.swift; sourceTree = "<group>"; };
		316228B72A47F55200C81CF1 /* MapRouteView.swift */ = {isa = PBXFileReference; lastKnownFileType = sourcecode.swift; path = MapRouteView.swift; sourceTree = "<group>"; };
		31C755972B085C590029A9D8 /* SimpeMapTypeView.swift */ = {isa = PBXFileReference; lastKnownFileType = sourcecode.swift; path = SimpeMapTypeView.swift; sourceTree = "<group>"; };
		31C755992B085EC90029A9D8 /* MapCameraBoundsView.swift */ = {isa = PBXFileReference; lastKnownFileType = sourcecode.swift; path = MapCameraBoundsView.swift; sourceTree = "<group>"; };
		31C7559B2B0866F80029A9D8 /* MapTypeExampleView.swift */ = {isa = PBXFileReference; lastKnownFileType = sourcecode.swift; path = MapTypeExampleView.swift; sourceTree = "<group>"; };
		31C7559D2B08683C0029A9D8 /* MapCameraPositionView.swift */ = {isa = PBXFileReference; lastKnownFileType = sourcecode.swift; path = MapCameraPositionView.swift; sourceTree = "<group>"; };
		31C7559F2B08697E0029A9D8 /* MapAddAnnotationView.swift */ = {isa = PBXFileReference; lastKnownFileType = sourcecode.swift; path = MapAddAnnotationView.swift; sourceTree = "<group>"; };
		31C755A12B087B150029A9D8 /* MapMarkerView.swift */ = {isa = PBXFileReference; lastKnownFileType = sourcecode.swift; path = MapMarkerView.swift; sourceTree = "<group>"; };
		31C755A52B08813E0029A9D8 /* MapPolylineView.swift */ = {isa = PBXFileReference; lastKnownFileType = sourcecode.swift; path = MapPolylineView.swift; sourceTree = "<group>"; };
		31C755A72B0882020029A9D8 /* MapOverlayView.swift */ = {isa = PBXFileReference; lastKnownFileType = sourcecode.swift; path = MapOverlayView.swift; sourceTree = "<group>"; };
		31F4D0442A47229C00851F88 /* MapLookAroundView.swift */ = {isa = PBXFileReference; lastKnownFileType = sourcecode.swift; path = MapLookAroundView.swift; sourceTree = "<group>"; };
/* End PBXFileReference section */

/* Begin PBXFrameworksBuildPhase section */
		312CD23D2A46A9F10088BD01 /* Frameworks */ = {
			isa = PBXFrameworksBuildPhase;
			buildActionMask = 2147483647;
			files = (
			);
			runOnlyForDeploymentPostprocessing = 0;
		};
/* End PBXFrameworksBuildPhase section */

/* Begin PBXGroup section */
		312CD2372A46A9F10088BD01 = {
			isa = PBXGroup;
			children = (
				312CD2422A46A9F10088BD01 /* SwiftUI_iOS17_Map_Example */,
				312CD2412A46A9F10088BD01 /* Products */,
			);
			sourceTree = "<group>";
		};
		312CD2412A46A9F10088BD01 /* Products */ = {
			isa = PBXGroup;
			children = (
				312CD2402A46A9F10088BD01 /* SwiftUI_iOS17_Map_Example.app */,
			);
			name = Products;
			sourceTree = "<group>";
		};
		312CD2422A46A9F10088BD01 /* SwiftUI_iOS17_Map_Example */ = {
			isa = PBXGroup;
			children = (
				312CD2542A46B2A00088BD01 /* Extention */,
				312CD25B2A46CF670088BD01 /* Model */,
				312CD2512A46AA0A0088BD01 /* View */,
				312CD2432A46A9F10088BD01 /* SwiftUI_iOS17_Map_ExampleApp.swift */,
				312CD2452A46A9F10088BD01 /* ContentView.swift */,
				312CD2472A46A9F20088BD01 /* Assets.xcassets */,
				312CD2492A46A9F20088BD01 /* Preview Content */,
			);
			path = SwiftUI_iOS17_Map_Example;
			sourceTree = "<group>";
		};
		312CD2492A46A9F20088BD01 /* Preview Content */ = {
			isa = PBXGroup;
			children = (
				312CD24A2A46A9F20088BD01 /* Preview Assets.xcassets */,
			);
			path = "Preview Content";
			sourceTree = "<group>";
		};
		312CD2512A46AA0A0088BD01 /* View */ = {
			isa = PBXGroup;
			children = (
				312CD2522A46AA1B0088BD01 /* SimpeMapView.swift */,
				31C755972B085C590029A9D8 /* SimpeMapTypeView.swift */,
				31C755992B085EC90029A9D8 /* MapCameraBoundsView.swift */,
				31C7559D2B08683C0029A9D8 /* MapCameraPositionView.swift */,
				31C7559B2B0866F80029A9D8 /* MapTypeExampleView.swift */,
				312CD2572A46B3C00088BD01 /* MapTypeView.swift */,
				31C755A12B087B150029A9D8 /* MapMarkerView.swift */,
				31C7559F2B08697E0029A9D8 /* MapAddAnnotationView.swift */,
				31C755A72B0882020029A9D8 /* MapOverlayView.swift */,
				31C755A52B08813E0029A9D8 /* MapPolylineView.swift */,
				312CD2592A46CF2F0088BD01 /* MapLocationSearchView.swift */,
				31F4D0442A47229C00851F88 /* MapLookAroundView.swift */,
				316228B72A47F55200C81CF1 /* MapRouteView.swift */,
			);
			path = View;
			sourceTree = "<group>";
		};
		312CD2542A46B2A00088BD01 /* Extention */ = {
			isa = PBXGroup;
			children = (
				312CD2552A46B2B60088BD01 /* CLLocationCoordinate2D+Extended.swift */,
			);
			path = Extention;
			sourceTree = "<group>";
		};
		312CD25B2A46CF670088BD01 /* Model */ = {
			isa = PBXGroup;
			children = (
				312CD25C2A46CF730088BD01 /* enums.swift */,
			);
			path = Model;
			sourceTree = "<group>";
		};
/* End PBXGroup section */

/* Begin PBXNativeTarget section */
		312CD23F2A46A9F10088BD01 /* SwiftUI_iOS17_Map_Example */ = {
			isa = PBXNativeTarget;
			buildConfigurationList = 312CD24E2A46A9F20088BD01 /* Build configuration list for PBXNativeTarget "SwiftUI_iOS17_Map_Example" */;
			buildPhases = (
				312CD23C2A46A9F10088BD01 /* Sources */,
				312CD23D2A46A9F10088BD01 /* Frameworks */,
				312CD23E2A46A9F10088BD01 /* Resources */,
			);
			buildRules = (
			);
			dependencies = (
			);
			name = SwiftUI_iOS17_Map_Example;
			productName = SwiftUI_iOS17_Map_Example;
			productReference = 312CD2402A46A9F10088BD01 /* SwiftUI_iOS17_Map_Example.app */;
			productType = "com.apple.product-type.application";
		};
/* End PBXNativeTarget section */

/* Begin PBXProject section */
		312CD2382A46A9F10088BD01 /* Project object */ = {
			isa = PBXProject;
			attributes = {
				BuildIndependentTargetsInParallel = 1;
				LastSwiftUpdateCheck = 1500;
				LastUpgradeCheck = 1500;
				TargetAttributes = {
					312CD23F2A46A9F10088BD01 = {
						CreatedOnToolsVersion = 15.0;
					};
				};
			};
			buildConfigurationList = 312CD23B2A46A9F10088BD01 /* Build configuration list for PBXProject "SwiftUI_iOS17_Map_Example" */;
			compatibilityVersion = "Xcode 14.0";
			developmentRegion = en;
			hasScannedForEncodings = 0;
			knownRegions = (
				en,
				Base,
			);
			mainGroup = 312CD2372A46A9F10088BD01;
			productRefGroup = 312CD2412A46A9F10088BD01 /* Products */;
			projectDirPath = "";
			projectRoot = "";
			targets = (
				312CD23F2A46A9F10088BD01 /* SwiftUI_iOS17_Map_Example */,
			);
		};
/* End PBXProject section */

/* Begin PBXResourcesBuildPhase section */
		312CD23E2A46A9F10088BD01 /* Resources */ = {
			isa = PBXResourcesBuildPhase;
			buildActionMask = 2147483647;
			files = (
				312CD24B2A46A9F20088BD01 /* Preview Assets.xcassets in Resources */,
				312CD2482A46A9F20088BD01 /* Assets.xcassets in Resources */,
			);
			runOnlyForDeploymentPostprocessing = 0;
		};
/* End PBXResourcesBuildPhase section */

/* Begin PBXSourcesBuildPhase section */
		312CD23C2A46A9F10088BD01 /* Sources */ = {
			isa = PBXSourcesBuildPhase;
			buildActionMask = 2147483647;
			files = (
				312CD25D2A46CF730088BD01 /* enums.swift in Sources */,
				31F4D0452A47229C00851F88 /* MapLookAroundView.swift in Sources */,
				31C7559E2B08683C0029A9D8 /* MapCameraPositionView.swift in Sources */,
				31C755A82B0882020029A9D8 /* MapOverlayView.swift in Sources */,
				312CD2462A46A9F10088BD01 /* ContentView.swift in Sources */,
				312CD2442A46A9F10088BD01 /* SwiftUI_iOS17_Map_ExampleApp.swift in Sources */,
				31C755A62B08813E0029A9D8 /* MapPolylineView.swift in Sources */,
				316228B82A47F55200C81CF1 /* MapRouteView.swift in Sources */,
				31C755A02B08697E0029A9D8 /* MapAddAnnotationView.swift in Sources */,
				312CD2582A46B3C00088BD01 /* MapTypeView.swift in Sources */,
				31C755982B085C590029A9D8 /* SimpeMapTypeView.swift in Sources */,
				312CD2562A46B2B60088BD01 /* CLLocationCoordinate2D+Extended.swift in Sources */,
				312CD25A2A46CF2F0088BD01 /* MapLocationSearchView.swift in Sources */,
				312CD2532A46AA1B0088BD01 /* SimpeMapView.swift in Sources */,
				31C7559C2B0866F80029A9D8 /* MapTypeExampleView.swift in Sources */,
				31C7559A2B085EC90029A9D8 /* MapCameraBoundsView.swift in Sources */,
				31C755A22B087B150029A9D8 /* MapMarkerView.swift in Sources */,
			);
			runOnlyForDeploymentPostprocessing = 0;
		};
/* End PBXSourcesBuildPhase section */

/* Begin XCBuildConfiguration section */
		312CD24C2A46A9F20088BD01 /* Debug */ = {
			isa = XCBuildConfiguration;
			buildSettings = {
				ALWAYS_SEARCH_USER_PATHS = NO;
				ASSETCATALOG_COMPILER_GENERATE_SWIFT_ASSET_SYMBOL_EXTENSIONS = YES;
				CLANG_ANALYZER_NONNULL = YES;
				CLANG_ANALYZER_NUMBER_OBJECT_CONVERSION = YES_AGGRESSIVE;
				CLANG_CXX_LANGUAGE_STANDARD = "gnu++20";
				CLANG_ENABLE_MODULES = YES;
				CLANG_ENABLE_OBJC_ARC = YES;
				CLANG_ENABLE_OBJC_WEAK = YES;
				CLANG_WARN_BLOCK_CAPTURE_AUTORELEASING = YES;
				CLANG_WARN_BOOL_CONVERSION = YES;
				CLANG_WARN_COMMA = YES;
				CLANG_WARN_CONSTANT_CONVERSION = YES;
				CLANG_WARN_DEPRECATED_OBJC_IMPLEMENTATIONS = YES;
				CLANG_WARN_DIRECT_OBJC_ISA_USAGE = YES_ERROR;
				CLANG_WARN_DOCUMENTATION_COMMENTS = YES;
				CLANG_WARN_EMPTY_BODY = YES;
				CLANG_WARN_ENUM_CONVERSION = YES;
				CLANG_WARN_INFINITE_RECURSION = YES;
				CLANG_WARN_INT_CONVERSION = YES;
				CLANG_WARN_NON_LITERAL_NULL_CONVERSION = YES;
				CLANG_WARN_OBJC_IMPLICIT_RETAIN_SELF = YES;
				CLANG_WARN_OBJC_LITERAL_CONVERSION = YES;
				CLANG_WARN_OBJC_ROOT_CLASS = YES_ERROR;
				CLANG_WARN_QUOTED_INCLUDE_IN_FRAMEWORK_HEADER = YES;
				CLANG_WARN_RANGE_LOOP_ANALYSIS = YES;
				CLANG_WARN_STRICT_PROTOTYPES = YES;
				CLANG_WARN_SUSPICIOUS_MOVE = YES;
				CLANG_WARN_UNGUARDED_AVAILABILITY = YES_AGGRESSIVE;
				CLANG_WARN_UNREACHABLE_CODE = YES;
				CLANG_WARN__DUPLICATE_METHOD_MATCH = YES;
				COPY_PHASE_STRIP = NO;
				DEBUG_INFORMATION_FORMAT = dwarf;
				ENABLE_STRICT_OBJC_MSGSEND = YES;
				ENABLE_TESTABILITY = YES;
				ENABLE_USER_SCRIPT_SANDBOXING = YES;
				GCC_C_LANGUAGE_STANDARD = gnu17;
				GCC_DYNAMIC_NO_PIC = NO;
				GCC_NO_COMMON_BLOCKS = YES;
				GCC_OPTIMIZATION_LEVEL = 0;
				GCC_PREPROCESSOR_DEFINITIONS = (
					"DEBUG=1",
					"$(inherited)",
				);
				GCC_WARN_64_TO_32_BIT_CONVERSION = YES;
				GCC_WARN_ABOUT_RETURN_TYPE = YES_ERROR;
				GCC_WARN_UNDECLARED_SELECTOR = YES;
				GCC_WARN_UNINITIALIZED_AUTOS = YES_AGGRESSIVE;
				GCC_WARN_UNUSED_FUNCTION = YES;
				GCC_WARN_UNUSED_VARIABLE = YES;
				IPHONEOS_DEPLOYMENT_TARGET = 17.0;
				LOCALIZATION_PREFERS_STRING_CATALOGS = YES;
				MTL_ENABLE_DEBUG_INFO = INCLUDE_SOURCE;
				MTL_FAST_MATH = YES;
				ONLY_ACTIVE_ARCH = YES;
				SDKROOT = iphoneos;
				SWIFT_ACTIVE_COMPILATION_CONDITIONS = "DEBUG $(inherited)";
				SWIFT_OPTIMIZATION_LEVEL = "-Onone";
			};
			name = Debug;
		};
		312CD24D2A46A9F20088BD01 /* Release */ = {
			isa = XCBuildConfiguration;
			buildSettings = {
				ALWAYS_SEARCH_USER_PATHS = NO;
				ASSETCATALOG_COMPILER_GENERATE_SWIFT_ASSET_SYMBOL_EXTENSIONS = YES;
				CLANG_ANALYZER_NONNULL = YES;
				CLANG_ANALYZER_NUMBER_OBJECT_CONVERSION = YES_AGGRESSIVE;
				CLANG_CXX_LANGUAGE_STANDARD = "gnu++20";
				CLANG_ENABLE_MODULES = YES;
				CLANG_ENABLE_OBJC_ARC = YES;
				CLANG_ENABLE_OBJC_WEAK = YES;
				CLANG_WARN_BLOCK_CAPTURE_AUTORELEASING = YES;
				CLANG_WARN_BOOL_CONVERSION = YES;
				CLANG_WARN_COMMA = YES;
				CLANG_WARN_CONSTANT_CONVERSION = YES;
				CLANG_WARN_DEPRECATED_OBJC_IMPLEMENTATIONS = YES;
				CLANG_WARN_DIRECT_OBJC_ISA_USAGE = YES_ERROR;
				CLANG_WARN_DOCUMENTATION_COMMENTS = YES;
				CLANG_WARN_EMPTY_BODY = YES;
				CLANG_WARN_ENUM_CONVERSION = YES;
				CLANG_WARN_INFINITE_RECURSION = YES;
				CLANG_WARN_INT_CONVERSION = YES;
				CLANG_WARN_NON_LITERAL_NULL_CONVERSION = YES;
				CLANG_WARN_OBJC_IMPLICIT_RETAIN_SELF = YES;
				CLANG_WARN_OBJC_LITERAL_CONVERSION = YES;
				CLANG_WARN_OBJC_ROOT_CLASS = YES_ERROR;
				CLANG_WARN_QUOTED_INCLUDE_IN_FRAMEWORK_HEADER = YES;
				CLANG_WARN_RANGE_LOOP_ANALYSIS = YES;
				CLANG_WARN_STRICT_PROTOTYPES = YES;
				CLANG_WARN_SUSPICIOUS_MOVE = YES;
				CLANG_WARN_UNGUARDED_AVAILABILITY = YES_AGGRESSIVE;
				CLANG_WARN_UNREACHABLE_CODE = YES;
				CLANG_WARN__DUPLICATE_METHOD_MATCH = YES;
				COPY_PHASE_STRIP = NO;
				DEBUG_INFORMATION_FORMAT = "dwarf-with-dsym";
				ENABLE_NS_ASSERTIONS = NO;
				ENABLE_STRICT_OBJC_MSGSEND = YES;
				ENABLE_USER_SCRIPT_SANDBOXING = YES;
				GCC_C_LANGUAGE_STANDARD = gnu17;
				GCC_NO_COMMON_BLOCKS = YES;
				GCC_WARN_64_TO_32_BIT_CONVERSION = YES;
				GCC_WARN_ABOUT_RETURN_TYPE = YES_ERROR;
				GCC_WARN_UNDECLARED_SELECTOR = YES;
				GCC_WARN_UNINITIALIZED_AUTOS = YES_AGGRESSIVE;
				GCC_WARN_UNUSED_FUNCTION = YES;
				GCC_WARN_UNUSED_VARIABLE = YES;
				IPHONEOS_DEPLOYMENT_TARGET = 17.0;
				LOCALIZATION_PREFERS_STRING_CATALOGS = YES;
				MTL_ENABLE_DEBUG_INFO = NO;
				MTL_FAST_MATH = YES;
				SDKROOT = iphoneos;
				SWIFT_COMPILATION_MODE = wholemodule;
				VALIDATE_PRODUCT = YES;
			};
			name = Release;
		};
		312CD24F2A46A9F20088BD01 /* Debug */ = {
			isa = XCBuildConfiguration;
			buildSettings = {
				ASSETCATALOG_COMPILER_APPICON_NAME = AppIcon;
				ASSETCATALOG_COMPILER_GLOBAL_ACCENT_COLOR_NAME = AccentColor;
				CODE_SIGN_STYLE = Automatic;
				CURRENT_PROJECT_VERSION = 1;
				DEVELOPMENT_ASSET_PATHS = "\"SwiftUI_iOS17_Map_Example/Preview Content\"";
				ENABLE_PREVIEWS = YES;
				GENERATE_INFOPLIST_FILE = YES;
				INFOPLIST_KEY_UIApplicationSceneManifest_Generation = YES;
				INFOPLIST_KEY_UIApplicationSupportsIndirectInputEvents = YES;
				INFOPLIST_KEY_UILaunchScreen_Generation = YES;
				INFOPLIST_KEY_UISupportedInterfaceOrientations_iPad = "UIInterfaceOrientationPortrait UIInterfaceOrientationPortraitUpsideDown UIInterfaceOrientationLandscapeLeft UIInterfaceOrientationLandscapeRight";
				INFOPLIST_KEY_UISupportedInterfaceOrientations_iPhone = "UIInterfaceOrientationPortrait UIInterfaceOrientationLandscapeLeft UIInterfaceOrientationLandscapeRight";
				LD_RUNPATH_SEARCH_PATHS = (
					"$(inherited)",
					"@executable_path/Frameworks",
				);
				MARKETING_VERSION = 1.0;
				PRODUCT_BUNDLE_IDENTIFIER = "com.yourcompany.SwiftUI-iOS17-Map-Example";
				PRODUCT_NAME = "$(TARGET_NAME)";
				SWIFT_EMIT_LOC_STRINGS = YES;
				SWIFT_VERSION = 5.0;
				TARGETED_DEVICE_FAMILY = "1,2";
			};
			name = Debug;
		};
		312CD2502A46A9F20088BD01 /* Release */ = {
			isa = XCBuildConfiguration;
			buildSettings = {
				ASSETCATALOG_COMPILER_APPICON_NAME = AppIcon;
				ASSETCATALOG_COMPILER_GLOBAL_ACCENT_COLOR_NAME = AccentColor;
				CODE_SIGN_STYLE = Automatic;
				CURRENT_PROJECT_VERSION = 1;
				DEVELOPMENT_ASSET_PATHS = "\"SwiftUI_iOS17_Map_Example/Preview Content\"";
				ENABLE_PREVIEWS = YES;
				GENERATE_INFOPLIST_FILE = YES;
				INFOPLIST_KEY_UIApplicationSceneManifest_Generation = YES;
				INFOPLIST_KEY_UIApplicationSupportsIndirectInputEvents = YES;
				INFOPLIST_KEY_UILaunchScreen_Generation = YES;
				INFOPLIST_KEY_UISupportedInterfaceOrientations_iPad = "UIInterfaceOrientationPortrait UIInterfaceOrientationPortraitUpsideDown UIInterfaceOrientationLandscapeLeft UIInterfaceOrientationLandscapeRight";
				INFOPLIST_KEY_UISupportedInterfaceOrientations_iPhone = "UIInterfaceOrientationPortrait UIInterfaceOrientationLandscapeLeft UIInterfaceOrientationLandscapeRight";
				LD_RUNPATH_SEARCH_PATHS = (
					"$(inherited)",
					"@executable_path/Frameworks",
				);
				MARKETING_VERSION = 1.0;
				PRODUCT_BUNDLE_IDENTIFIER = "com.yourcompany.SwiftUI-iOS17-Map-Example";
				PRODUCT_NAME = "$(TARGET_NAME)";
				SWIFT_EMIT_LOC_STRINGS = YES;
				SWIFT_VERSION = 5.0;
				TARGETED_DEVICE_FAMILY = "1,2";
			};
			name = Release;
		};
/* End XCBuildConfiguration section */

/* Begin XCConfigurationList section */
		312CD23B2A46A9F10088BD01 /* Build configuration list for PBXProject "SwiftUI_iOS17_Map_Example" */ = {
			isa = XCConfigurationList;
			buildConfigurations = (
				312CD24C2A46A9F20088BD01 /* Debug */,
				312CD24D2A46A9F20088BD01 /* Release */,
			);
			defaultConfigurationIsVisible = 0;
			defaultConfigurationName = Release;
		};
		312CD24E2A46A9F20088BD01 /* Build configuration list for PBXNativeTarget "SwiftUI_iOS17_Map_Example" */ = {
			isa = XCConfigurationList;
			buildConfigurations = (
				312CD24F2A46A9F20088BD01 /* Debug */,
				312CD2502A46A9F20088BD01 /* Release */,
			);
			defaultConfigurationIsVisible = 0;
			defaultConfigurationName = Release;
		};
/* End XCConfigurationList section */
	};
	rootObject = 312CD2382A46A9F10088BD01 /* Project object */;
}
